dependencies:
  espressif/esp_codec_dev:
    component_hash: 420a8a931f8bdfc74ae89c4d2ce634823d10e1865b1e9bdb8428bfe4a1060def
    dependencies:
    - name: idf
      require: private
      version: '>=4.0'
    source:
      registry_url: https://components.espressif.com/
      type: service
    version: 1.3.6
  idf:
    source:
      type: idf
    version: 5.5.1
direct_dependencies:
- espressif/esp_codec_dev
- idf
manifest_hash: e52d16dd87309b879f9560d9947e9ff37a297be25d53ad5a0260a9cd16e83cee
target: esp32s3
version: 2.0.0
